
Microsoft Visual Studio Solution File, Format Version 12.00
# Visual Studio 15
VisualStudioVersion = 15.0.28307.1738
MinimumVisualStudioVersion = 10.0.40219.1
Project("{FAE04EC0-301F-11D3-BF4B-00C04F79EFBC}") = "Sistema.Presentacion", "Sistema.Presentacion\Sistema.Presentacion.csproj", "{75F504B6-2635-45C1-835D-3322433C588F}"
EndProject
Project("{FAE04EC0-301F-11D3-BF4B-00C04F79EFBC}") = "Sistema.Negocio", "Sistema.Negocio\Sistema.Negocio.csproj", "{236DE079-62ED-4533-9394-C90397D726A7}"
EndProject
Project("{FAE04EC0-301F-11D3-BF4B-00C04F79EFBC}") = "Sistema.Datos", "Sistema.Datos\Sistema.Datos.csproj", "{1208D8FC-C4B4-4F90-AD80-68535D2CDB98}"
EndProject
Project("{FAE04EC0-301F-11D3-BF4B-00C04F79EFBC}") = "Sistema.Entidades", "Sistema.Entidades\Sistema.Entidades.csproj", "{B6EE2D18-D5D3-4FB1-ABC1-44E255800927}"
EndProject
Global
	GlobalSection(SolutionConfigurationPlatforms) = preSolution
		Debug|Any CPU = Debug|Any CPU
		Release|Any CPU = Release|Any CPU
	EndGlobalSection
	GlobalSection(ProjectConfigurationPlatforms) = postSolution
		{75F504B6-2635-45C1-835D-3322433C588F}.Debug|Any CPU.ActiveCfg = Debug|Any CPU
		{75F504B6-2635-45C1-835D-3322433C588F}.Debug|Any CPU.Build.0 = Debug|Any CPU
		{75F504B6-2635-45C1-835D-3322433C588F}.Release|Any CPU.ActiveCfg = Release|Any CPU
		{75F504B6-2635-45C1-835D-3322433C588F}.Release|Any CPU.Build.0 = Release|Any CPU
		{236DE079-62ED-4533-9394-C90397D726A7}.Debug|Any CPU.ActiveCfg = Debug|Any CPU
		{236DE079-62ED-4533-9394-C90397D726A7}.Debug|Any CPU.Build.0 = Debug|Any CPU
		{236DE079-62ED-4533-9394-C90397D726A7}.Release|Any CPU.ActiveCfg = Release|Any CPU
		{236DE079-62ED-4533-9394-C90397D726A7}.Release|Any CPU.Build.0 = Release|Any CPU
		{1208D8FC-C4B4-4F90-AD80-68535D2CDB98}.Debug|Any CPU.ActiveCfg = Debug|Any CPU
		{1208D8FC-C4B4-4F90-AD80-68535D2CDB98}.Debug|Any CPU.Build.0 = Debug|Any CPU
		{1208D8FC-C4B4-4F90-AD80-68535D2CDB98}.Release|Any CPU.ActiveCfg = Release|Any CPU
		{1208D8FC-C4B4-4F90-AD80-68535D2CDB98}.Release|Any CPU.Build.0 = Release|Any CPU
		{B6EE2D18-D5D3-4FB1-ABC1-44E255800927}.Debug|Any CPU.ActiveCfg = Debug|Any CPU
		{B6EE2D18-D5D3-4FB1-ABC1-44E255800927}.Debug|Any CPU.Build.0 = Debug|Any CPU
		{B6EE2D18-D5D3-4FB1-ABC1-44E255800927}.Release|Any CPU.ActiveCfg = Release|Any CPU
		{B6EE2D18-D5D3-4FB1-ABC1-44E255800927}.Release|Any CPU.Build.0 = Release|Any CPU
	EndGlobalSection
	GlobalSection(SolutionProperties) = preSolution
		HideSolutionNode = FALSE
	EndGlobalSection
	GlobalSection(ExtensibilityGlobals) = postSolution
		SolutionGuid = {C63DA754-3388-40F1-974E-61FA9F8C3B12}
	EndGlobalSection
EndGlobal
